
Microsoft Visual Studio Solution File, Format Version 12.00
# Visual Studio Version 16
VisualStudioVersion = 25.0.1706.7
MinimumVisualStudioVersion = 10.0.40219.1
Project("{FAE04EC0-301F-11D3-BF4B-00C04F79EFBC}") = "test-nswag", "test-nswag\test-nswag.csproj", "{708B646A-A529-482E-84EC-544E724E9D06}"
EndProject
Global
	GlobalSection(SolutionConfigurationPlatforms) = preSolution
		Debug|Any CPU = Debug|Any CPU
		Release|Any CPU = Release|Any CPU
	EndGlobalSection
	GlobalSection(ProjectConfigurationPlatforms) = postSolution
		{708B646A-A529-482E-84EC-544E724E9D06}.Debug|Any CPU.ActiveCfg = Debug|Any CPU
		{708B646A-A529-482E-84EC-544E724E9D06}.Debug|Any CPU.Build.0 = Debug|Any CPU
		{708B646A-A529-482E-84EC-544E724E9D06}.Release|Any CPU.ActiveCfg = Release|Any CPU
		{708B646A-A529-482E-84EC-544E724E9D06}.Release|Any CPU.Build.0 = Release|Any CPU
	EndGlobalSection
	GlobalSection(SolutionProperties) = preSolution
		HideSolutionNode = FALSE
	EndGlobalSection
	GlobalSection(ExtensibilityGlobals) = postSolution
		SolutionGuid = {FAAC6ABB-C5FA-4DAF-BFE3-087B6B39385D}
	EndGlobalSection
EndGlobal
